
Microsoft Visual Studio Solution File, Format Version 12.00
# Visual Studio Version 16
VisualStudioVersion = 16.0.29519.181
MinimumVisualStudioVersion = 10.0.40219.1
Project("{FAE04EC0-301F-11D3-BF4B-00C04F79EFBC}") = "AzulClaro", "AzulClaro\AzulClaro.csproj", "{B612D001-38F7-4C1D-976C-B6A5384970FF}"
EndProject
Global
	GlobalSection(SolutionConfigurationPlatforms) = preSolution
		Debug|Any CPU = Debug|Any CPU
		Release|Any CPU = Release|Any CPU
	EndGlobalSection
	GlobalSection(ProjectConfigurationPlatforms) = postSolution
		{B612D001-38F7-4C1D-976C-B6A5384970FF}.Debug|Any CPU.ActiveCfg = Debug|Any CPU
		{B612D001-38F7-4C1D-976C-B6A5384970FF}.Debug|Any CPU.Build.0 = Debug|Any CPU
		{B612D001-38F7-4C1D-976C-B6A5384970FF}.Release|Any CPU.ActiveCfg = Release|Any CPU
		{B612D001-38F7-4C1D-976C-B6A5384970FF}.Release|Any CPU.Build.0 = Release|Any CPU
	EndGlobalSection
	GlobalSection(SolutionProperties) = preSolution
		HideSolutionNode = FALSE
	EndGlobalSection
	GlobalSection(ExtensibilityGlobals) = postSolution
		SolutionGuid = {2C7684A3-F337-4025-AF91-C4ADE994E8F2}
	EndGlobalSection
EndGlobal
